
Microsoft Visual Studio Solution File, Format Version 12.00
# Visual Studio Version 17
VisualStudioVersion = 17.9.34723.18
MinimumVisualStudioVersion = 10.0.40219.1
Project("{9A19103F-16F7-4668-BE54-9A1E7A4F7556}") = "ProjectManagementMVC", "ProjectManagementMVC.csproj", "{6921B425-429C-4699-8913-EF1819EA2C45}"
EndProject
Project("{9A19103F-16F7-4668-BE54-9A1E7A4F7556}") = "ProjectManagement.Data", "..\ProjectManagement.Data\ProjectManagement.Data.csproj", "{FF255B08-7EFF-4D8A-8216-F329A83FBCE6}"
EndProject
Project("{9A19103F-16F7-4668-BE54-9A1E7A4F7556}") = "ProjectManagement.Shared", "..\ProjectManagement.Shared\ProjectManagement.Shared.csproj", "{7A412E41-BCA0-4CFF-922B-62FDC236B1C6}"
EndProject
Project("{9A19103F-16F7-4668-BE54-9A1E7A4F7556}") = "ProjectManagament.Services", "..\ProjectManagament.Services\ProjectManagament.Services.csproj", "{A7D90187-4EF0-4D5C-BD24-0E45014DC32C}"
EndProject
Project("{FAE04EC0-301F-11D3-BF4B-00C04F79EFBC}") = "ProjectManagement.Tests", "..\ProjectManagement.Tests\ProjectManagement.Tests.csproj", "{F2A22E5F-BA56-4DFF-9C75-FF3C985F1814}"
EndProject
Global
	GlobalSection(SolutionConfigurationPlatforms) = preSolution
		Debug|Any CPU = Debug|Any CPU
		Release|Any CPU = Release|Any CPU
	EndGlobalSection
	GlobalSection(ProjectConfigurationPlatforms) = postSolution
		{6921B425-429C-4699-8913-EF1819EA2C45}.Debug|Any CPU.ActiveCfg = Debug|Any CPU
		{6921B425-429C-4699-8913-EF1819EA2C45}.Debug|Any CPU.Build.0 = Debug|Any CPU
		{6921B425-429C-4699-8913-EF1819EA2C45}.Release|Any CPU.ActiveCfg = Release|Any CPU
		{6921B425-429C-4699-8913-EF1819EA2C45}.Release|Any CPU.Build.0 = Release|Any CPU
		{FF255B08-7EFF-4D8A-8216-F329A83FBCE6}.Debug|Any CPU.ActiveCfg = Debug|Any CPU
		{FF255B08-7EFF-4D8A-8216-F329A83FBCE6}.Debug|Any CPU.Build.0 = Debug|Any CPU
		{FF255B08-7EFF-4D8A-8216-F329A83FBCE6}.Release|Any CPU.ActiveCfg = Release|Any CPU
		{FF255B08-7EFF-4D8A-8216-F329A83FBCE6}.Release|Any CPU.Build.0 = Release|Any CPU
		{7A412E41-BCA0-4CFF-922B-62FDC236B1C6}.Debug|Any CPU.ActiveCfg = Debug|Any CPU
		{7A412E41-BCA0-4CFF-922B-62FDC236B1C6}.Debug|Any CPU.Build.0 = Debug|Any CPU
		{7A412E41-BCA0-4CFF-922B-62FDC236B1C6}.Release|Any CPU.ActiveCfg = Release|Any CPU
		{7A412E41-BCA0-4CFF-922B-62FDC236B1C6}.Release|Any CPU.Build.0 = Release|Any CPU
		{A7D90187-4EF0-4D5C-BD24-0E45014DC32C}.Debug|Any CPU.ActiveCfg = Debug|Any CPU
		{A7D90187-4EF0-4D5C-BD24-0E45014DC32C}.Debug|Any CPU.Build.0 = Debug|Any CPU
		{A7D90187-4EF0-4D5C-BD24-0E45014DC32C}.Release|Any CPU.ActiveCfg = Release|Any CPU
		{A7D90187-4EF0-4D5C-BD24-0E45014DC32C}.Release|Any CPU.Build.0 = Release|Any CPU
		{F2A22E5F-BA56-4DFF-9C75-FF3C985F1814}.Debug|Any CPU.ActiveCfg = Debug|Any CPU
		{F2A22E5F-BA56-4DFF-9C75-FF3C985F1814}.Debug|Any CPU.Build.0 = Debug|Any CPU
		{F2A22E5F-BA56-4DFF-9C75-FF3C985F1814}.Release|Any CPU.ActiveCfg = Release|Any CPU
		{F2A22E5F-BA56-4DFF-9C75-FF3C985F1814}.Release|Any CPU.Build.0 = Release|Any CPU
	EndGlobalSection
	GlobalSection(SolutionProperties) = preSolution
		HideSolutionNode = FALSE
	EndGlobalSection
	GlobalSection(ExtensibilityGlobals) = postSolution
		SolutionGuid = {2B71B2A5-FF68-43C2-8F86-2BBE7D49D475}
	EndGlobalSection
EndGlobal
