
Microsoft Visual Studio Solution File, Format Version 12.00
# Visual Studio Version 17
VisualStudioVersion = 17.9.34723.18
MinimumVisualStudioVersion = 10.0.40219.1
Project("{FAE04EC0-301F-11D3-BF4B-00C04F79EFBC}") = "ProjectManagementMVC", "ProjectManagementMVC.csproj", "{077FCED6-9DF8-4699-A7F0-5D6B062975EF}"
EndProject
Global
	GlobalSection(SolutionConfigurationPlatforms) = preSolution
		Debug|Any CPU = Debug|Any CPU
		Release|Any CPU = Release|Any CPU
	EndGlobalSection
	GlobalSection(ProjectConfigurationPlatforms) = postSolution
		{077FCED6-9DF8-4699-A7F0-5D6B062975EF}.Debug|Any CPU.ActiveCfg = Debug|Any CPU
		{077FCED6-9DF8-4699-A7F0-5D6B062975EF}.Debug|Any CPU.Build.0 = Debug|Any CPU
		{077FCED6-9DF8-4699-A7F0-5D6B062975EF}.Release|Any CPU.ActiveCfg = Release|Any CPU
		{077FCED6-9DF8-4699-A7F0-5D6B062975EF}.Release|Any CPU.Build.0 = Release|Any CPU
	EndGlobalSection
	GlobalSection(SolutionProperties) = preSolution
		HideSolutionNode = FALSE
	EndGlobalSection
	GlobalSection(ExtensibilityGlobals) = postSolution
		SolutionGuid = {515998A5-1B96-4EDB-9418-120E060F7439}
	EndGlobalSection
EndGlobal
