
Microsoft Visual Studio Solution File, Format Version 12.00
# Visual Studio Version 17
VisualStudioVersion = 17.9.34723.18
MinimumVisualStudioVersion = 10.0.40219.1
Project("{FAE04EC0-301F-11D3-BF4B-00C04F79EFBC}") = "ProjectManagementMVC", "ProjectManagementMVC.csproj", "{6921B425-429C-4699-8913-EF1819EA2C45}"
EndProject
Global
	GlobalSection(SolutionConfigurationPlatforms) = preSolution
		Debug|Any CPU = Debug|Any CPU
		Release|Any CPU = Release|Any CPU
	EndGlobalSection
	GlobalSection(ProjectConfigurationPlatforms) = postSolution
		{6921B425-429C-4699-8913-EF1819EA2C45}.Debug|Any CPU.ActiveCfg = Debug|Any CPU
		{6921B425-429C-4699-8913-EF1819EA2C45}.Debug|Any CPU.Build.0 = Debug|Any CPU
		{6921B425-429C-4699-8913-EF1819EA2C45}.Release|Any CPU.ActiveCfg = Release|Any CPU
		{6921B425-429C-4699-8913-EF1819EA2C45}.Release|Any CPU.Build.0 = Release|Any CPU
	EndGlobalSection
	GlobalSection(SolutionProperties) = preSolution
		HideSolutionNode = FALSE
	EndGlobalSection
	GlobalSection(ExtensibilityGlobals) = postSolution
		SolutionGuid = {2B71B2A5-FF68-43C2-8F86-2BBE7D49D475}
	EndGlobalSection
EndGlobal
